
Microsoft Visual Studio Solution File, Format Version 12.00
# Visual Studio Version 17
VisualStudioVersion = 17.13.35825.156 d17.13
MinimumVisualStudioVersion = 10.0.40219.1
Project("{FAE04EC0-301F-11D3-BF4B-00C04F79EFBC}") = "ExcelTask.Api", "ExcelTask.Api\ExcelTask.Api.csproj", "{74BAEFD7-B4EA-425E-862D-7E57C2AA9761}"
EndProject
Global
	GlobalSection(SolutionConfigurationPlatforms) = preSolution
		Debug|Any CPU = Debug|Any CPU
		Release|Any CPU = Release|Any CPU
	EndGlobalSection
	GlobalSection(ProjectConfigurationPlatforms) = postSolution
		{74BAEFD7-B4EA-425E-862D-7E57C2AA9761}.Debug|Any CPU.ActiveCfg = Debug|Any CPU
		{74BAEFD7-B4EA-425E-862D-7E57C2AA9761}.Debug|Any CPU.Build.0 = Debug|Any CPU
		{74BAEFD7-B4EA-425E-862D-7E57C2AA9761}.Release|Any CPU.ActiveCfg = Release|Any CPU
		{74BAEFD7-B4EA-425E-862D-7E57C2AA9761}.Release|Any CPU.Build.0 = Release|Any CPU
	EndGlobalSection
	GlobalSection(SolutionProperties) = preSolution
		HideSolutionNode = FALSE
	EndGlobalSection
	GlobalSection(ExtensibilityGlobals) = postSolution
		SolutionGuid = {A4250F8D-2C6F-4FFA-84CD-ED085B19E5D5}
	EndGlobalSection
EndGlobal
